
Microsoft Visual Studio Solution File, Format Version 11.00
# Visual Studio 2010
Project("{FAE04EC0-301F-11D3-BF4B-00C04F79EFBC}") = "PET", "PET\PET.csproj", "{EC31B831-1A88-4C26-83C3-40C6CEF90164}"
EndProject
Global
	GlobalSection(SubversionScc) = preSolution
		Svn-Managed = True
		Manager = AnkhSVN - Subversion Support for Visual Studio
	EndGlobalSection
	GlobalSection(SolutionConfigurationPlatforms) = preSolution
		Debug|Any CPU = Debug|Any CPU
		Release|Any CPU = Release|Any CPU
	EndGlobalSection
	GlobalSection(ProjectConfigurationPlatforms) = postSolution
		{EC31B831-1A88-4C26-83C3-40C6CEF90164}.Debug|Any CPU.ActiveCfg = Debug|Any CPU
		{EC31B831-1A88-4C26-83C3-40C6CEF90164}.Debug|Any CPU.Build.0 = Debug|Any CPU
		{EC31B831-1A88-4C26-83C3-40C6CEF90164}.Release|Any CPU.ActiveCfg = Release|Any CPU
		{EC31B831-1A88-4C26-83C3-40C6CEF90164}.Release|Any CPU.Build.0 = Release|Any CPU
	EndGlobalSection
	GlobalSection(SolutionProperties) = preSolution
		HideSolutionNode = FALSE
	EndGlobalSection
EndGlobal
